// !$*UTF8*$!
{
	archiveVersion = 1;
	classes = {
	};
	objectVersion = 46;
	objects = {

/* Begin PBXBuildFile section */
		8238C30916E513A8005AC7B3 /* UIKit.framework in Frameworks */ = {isa = PBXBuildFile; fileRef = 8238C30816E513A8005AC7B3 /* UIKit.framework */; };
		8238C30B16E513A8005AC7B3 /* Foundation.framework in Frameworks */ = {isa = PBXBuildFile; fileRef = 8238C30A16E513A8005AC7B3 /* Foundation.framework */; };
		8238C30D16E513A8005AC7B3 /* CoreGraphics.framework in Frameworks */ = {isa = PBXBuildFile; fileRef = 8238C30C16E513A8005AC7B3 /* CoreGraphics.framework */; };
		8238C31316E513A8005AC7B3 /* InfoPlist.strings in Resources */ = {isa = PBXBuildFile; fileRef = 8238C31116E513A8005AC7B3 /* InfoPlist.strings */; };
		8238C31516E513A8005AC7B3 /* main.m in Sources */ = {isa = PBXBuildFile; fileRef = 8238C31416E513A8005AC7B3 /* main.m */; };
		8238C31916E513A8005AC7B3 /* AppDelegate.m in Sources */ = {isa = PBXBuildFile; fileRef = 8238C31816E513A8005AC7B3 /* AppDelegate.m */; };
		8238C31B16E513A8005AC7B3 /* Default.png in Resources */ = {isa = PBXBuildFile; fileRef = 8238C31A16E513A8005AC7B3 /* Default.png */; };
		8238C31D16E513A8005AC7B3 /* Default@2x.png in Resources */ = {isa = PBXBuildFile; fileRef = 8238C31C16E513A8005AC7B3 /* Default@2x.png */; };
		8238C31F16E513A8005AC7B3 /* Default-568h@2x.png in Resources */ = {isa = PBXBuildFile; fileRef = 8238C31E16E513A8005AC7B3 /* Default-568h@2x.png */; };
		8238C32216E513A8005AC7B3 /* MainStoryboard_iPhone.storyboard in Resources */ = {isa = PBXBuildFile; fileRef = 8238C32016E513A8005AC7B3 /* MainStoryboard_iPhone.storyboard */; };
		8238C32516E513A8005AC7B3 /* MainStoryboard_iPad.storyboard in Resources */ = {isa = PBXBuildFile; fileRef = 8238C32316E513A8005AC7B3 /* MainStoryboard_iPad.storyboard */; };
		8238C32816E513A8005AC7B3 /* PongController.m in Sources */ = {isa = PBXBuildFile; fileRef = 8238C32716E513A8005AC7B3 /* PongController.m */; };
		8238C33416E54D25005AC7B3 /* QuartzCore.framework in Frameworks */ = {isa = PBXBuildFile; fileRef = 8238C33316E54D25005AC7B3 /* QuartzCore.framework */; };
		82B8FFDC16E6A02600422E91 /* ChooseGameController.m in Sources */ = {isa = PBXBuildFile; fileRef = 82B8FFDB16E6A02500422E91 /* ChooseGameController.m */; };
/* End PBXBuildFile section */

/* Begin PBXFileReference section */
		8238C30516E513A8005AC7B3 /* Pong.app */ = {isa = PBXFileReference; explicitFileType = wrapper.application; includeInIndex = 0; path = Pong.app; sourceTree = BUILT_PRODUCTS_DIR; };
		8238C30816E513A8005AC7B3 /* UIKit.framework */ = {isa = PBXFileReference; lastKnownFileType = wrapper.framework; name = UIKit.framework; path = System/Library/Frameworks/UIKit.framework; sourceTree = SDKROOT; };
		8238C30A16E513A8005AC7B3 /* Foundation.framework */ = {isa = PBXFileReference; lastKnownFileType = wrapper.framework; name = Foundation.framework; path = System/Library/Frameworks/Foundation.framework; sourceTree = SDKROOT; };
		8238C30C16E513A8005AC7B3 /* CoreGraphics.framework */ = {isa = PBXFileReference; lastKnownFileType = wrapper.framework; name = CoreGraphics.framework; path = System/Library/Frameworks/CoreGraphics.framework; sourceTree = SDKROOT; };
		8238C31016E513A8005AC7B3 /* Pong-Info.plist */ = {isa = PBXFileReference; lastKnownFileType = text.plist.xml; path = "Pong-Info.plist"; sourceTree = "<group>"; };
		8238C31216E513A8005AC7B3 /* en */ = {isa = PBXFileReference; lastKnownFileType = text.plist.strings; name = en; path = en.lproj/InfoPlist.strings; sourceTree = "<group>"; };
		8238C31416E513A8005AC7B3 /* main.m */ = {isa = PBXFileReference; lastKnownFileType = sourcecode.c.objc; path = main.m; sourceTree = "<group>"; };
		8238C31616E513A8005AC7B3 /* Pong-Prefix.pch */ = {isa = PBXFileReference; lastKnownFileType = sourcecode.c.h; path = "Pong-Prefix.pch"; sourceTree = "<group>"; };
		8238C31716E513A8005AC7B3 /* AppDelegate.h */ = {isa = PBXFileReference; lastKnownFileType = sourcecode.c.h; path = AppDelegate.h; sourceTree = "<group>"; };
		8238C31816E513A8005AC7B3 /* AppDelegate.m */ = {isa = PBXFileReference; lastKnownFileType = sourcecode.c.objc; path = AppDelegate.m; sourceTree = "<group>"; };
		8238C31A16E513A8005AC7B3 /* Default.png */ = {isa = PBXFileReference; lastKnownFileType = image.png; path = Default.png; sourceTree = "<group>"; };
		8238C31C16E513A8005AC7B3 /* Default@2x.png */ = {isa = PBXFileReference; lastKnownFileType = image.png; path = "Default@2x.png"; sourceTree = "<group>"; };
		8238C31E16E513A8005AC7B3 /* Default-568h@2x.png */ = {isa = PBXFileReference; lastKnownFileType = image.png; path = "Default-568h@2x.png"; sourceTree = "<group>"; };
		8238C32116E513A8005AC7B3 /* en */ = {isa = PBXFileReference; lastKnownFileType = file.storyboard; name = en; path = en.lproj/MainStoryboard_iPhone.storyboard; sourceTree = "<group>"; };
		8238C32416E513A8005AC7B3 /* en */ = {isa = PBXFileReference; lastKnownFileType = file.storyboard; name = en; path = en.lproj/MainStoryboard_iPad.storyboard; sourceTree = "<group>"; };
		8238C32616E513A8005AC7B3 /* PongController.h */ = {isa = PBXFileReference; lastKnownFileType = sourcecode.c.h; path = PongController.h; sourceTree = "<group>"; };
		8238C32716E513A8005AC7B3 /* PongController.m */ = {isa = PBXFileReference; lastKnownFileType = sourcecode.c.objc; path = PongController.m; sourceTree = "<group>"; };
		8238C33316E54D25005AC7B3 /* QuartzCore.framework */ = {isa = PBXFileReference; lastKnownFileType = wrapper.framework; name = QuartzCore.framework; path = System/Library/Frameworks/QuartzCore.framework; sourceTree = SDKROOT; };
		82B8FFDA16E6A02500422E91 /* ChooseGameController.h */ = {isa = PBXFileReference; fileEncoding = 4; lastKnownFileType = sourcecode.c.h; path = ChooseGameController.h; sourceTree = "<group>"; };
		82B8FFDB16E6A02500422E91 /* ChooseGameController.m */ = {isa = PBXFileReference; fileEncoding = 4; lastKnownFileType = sourcecode.c.objc; path = ChooseGameController.m; sourceTree = "<group>"; };
/* End PBXFileReference section */

/* Begin PBXFrameworksBuildPhase section */
		8238C30216E513A8005AC7B3 /* Frameworks */ = {
			isa = PBXFrameworksBuildPhase;
			buildActionMask = 2147483647;
			files = (
				8238C33416E54D25005AC7B3 /* QuartzCore.framework in Frameworks */,
				8238C30916E513A8005AC7B3 /* UIKit.framework in Frameworks */,
				8238C30B16E513A8005AC7B3 /* Foundation.framework in Frameworks */,
				8238C30D16E513A8005AC7B3 /* CoreGraphics.framework in Frameworks */,
			);
			runOnlyForDeploymentPostprocessing = 0;
		};
/* End PBXFrameworksBuildPhase section */

/* Begin PBXGroup section */
		8238C2FC16E513A8005AC7B3 = {
			isa = PBXGroup;
			children = (
				8238C30E16E513A8005AC7B3 /* Pong */,
				8238C30716E513A8005AC7B3 /* Frameworks */,
				8238C30616E513A8005AC7B3 /* Products */,
			);
			sourceTree = "<group>";
		};
		8238C30616E513A8005AC7B3 /* Products */ = {
			isa = PBXGroup;
			children = (
				8238C30516E513A8005AC7B3 /* Pong.app */,
			);
			name = Products;
			sourceTree = "<group>";
		};
		8238C30716E513A8005AC7B3 /* Frameworks */ = {
			isa = PBXGroup;
			children = (
				8238C33316E54D25005AC7B3 /* QuartzCore.framework */,
				8238C30816E513A8005AC7B3 /* UIKit.framework */,
				8238C30A16E513A8005AC7B3 /* Foundation.framework */,
				8238C30C16E513A8005AC7B3 /* CoreGraphics.framework */,
			);
			name = Frameworks;
			sourceTree = "<group>";
		};
		8238C30E16E513A8005AC7B3 /* Pong */ = {
			isa = PBXGroup;
			children = (
				8238C31716E513A8005AC7B3 /* AppDelegate.h */,
				8238C31816E513A8005AC7B3 /* AppDelegate.m */,
				8238C32016E513A8005AC7B3 /* MainStoryboard_iPhone.storyboard */,
				8238C32316E513A8005AC7B3 /* MainStoryboard_iPad.storyboard */,
				8238C32616E513A8005AC7B3 /* PongController.h */,
				8238C32716E513A8005AC7B3 /* PongController.m */,
				82B8FFDA16E6A02500422E91 /* ChooseGameController.h */,
				82B8FFDB16E6A02500422E91 /* ChooseGameController.m */,
				8238C30F16E513A8005AC7B3 /* Supporting Files */,
			);
			path = Pong;
			sourceTree = "<group>";
		};
		8238C30F16E513A8005AC7B3 /* Supporting Files */ = {
			isa = PBXGroup;
			children = (
				8238C31016E513A8005AC7B3 /* Pong-Info.plist */,
				8238C31116E513A8005AC7B3 /* InfoPlist.strings */,
				8238C31416E513A8005AC7B3 /* main.m */,
				8238C31616E513A8005AC7B3 /* Pong-Prefix.pch */,
				8238C31A16E513A8005AC7B3 /* Default.png */,
				8238C31C16E513A8005AC7B3 /* Default@2x.png */,
				8238C31E16E513A8005AC7B3 /* Default-568h@2x.png */,
			);
			name = "Supporting Files";
			sourceTree = "<group>";
		};
/* End PBXGroup section */

/* Begin PBXNativeTarget section */
		8238C30416E513A8005AC7B3 /* Pong */ = {
			isa = PBXNativeTarget;
			buildConfigurationList = 8238C32B16E513A8005AC7B3 /* Build configuration list for PBXNativeTarget "Pong" */;
			buildPhases = (
				8238C30116E513A8005AC7B3 /* Sources */,
				8238C30216E513A8005AC7B3 /* Frameworks */,
				8238C30316E513A8005AC7B3 /* Resources */,
			);
			buildRules = (
			);
			dependencies = (
			);
			name = Pong;
			productName = Pong;
			productReference = 8238C30516E513A8005AC7B3 /* Pong.app */;
			productType = "com.apple.product-type.application";
		};
/* End PBXNativeTarget section */

/* Begin PBXProject section */
		8238C2FD16E513A8005AC7B3 /* Project object */ = {
			isa = PBXProject;
			attributes = {
				LastUpgradeCheck = 0460;
				ORGANIZATIONNAME = "Jens Andersson";
			};
			buildConfigurationList = 8238C30016E513A8005AC7B3 /* Build configuration list for PBXProject "Pong" */;
			compatibilityVersion = "Xcode 3.2";
			developmentRegion = English;
			hasScannedForEncodings = 0;
			knownRegions = (
				en,
			);
			mainGroup = 8238C2FC16E513A8005AC7B3;
			productRefGroup = 8238C30616E513A8005AC7B3 /* Products */;
			projectDirPath = "";
			projectRoot = "";
			targets = (
				8238C30416E513A8005AC7B3 /* Pong */,
			);
		};
/* End PBXProject section */

/* Begin PBXResourcesBuildPhase section */
		8238C30316E513A8005AC7B3 /* Resources */ = {
			isa = PBXResourcesBuildPhase;
			buildActionMask = 2147483647;
			files = (
				8238C31316E513A8005AC7B3 /* InfoPlist.strings in Resources */,
				8238C31B16E513A8005AC7B3 /* Default.png in Resources */,
				8238C31D16E513A8005AC7B3 /* Default@2x.png in Resources */,
				8238C31F16E513A8005AC7B3 /* Default-568h@2x.png in Resources */,
				8238C32216E513A8005AC7B3 /* MainStoryboard_iPhone.storyboard in Resources */,
				8238C32516E513A8005AC7B3 /* MainStoryboard_iPad.storyboard in Resources */,
			);
			runOnlyForDeploymentPostprocessing = 0;
		};
/* End PBXResourcesBuildPhase section */

/* Begin PBXSourcesBuildPhase section */
		8238C30116E513A8005AC7B3 /* Sources */ = {
			isa = PBXSourcesBuildPhase;
			buildActionMask = 2147483647;
			files = (
				8238C31516E513A8005AC7B3 /* main.m in Sources */,
				8238C31916E513A8005AC7B3 /* AppDelegate.m in Sources */,
				8238C32816E513A8005AC7B3 /* PongController.m in Sources */,
				82B8FFDC16E6A02600422E91 /* ChooseGameController.m in Sources */,
			);
			runOnlyForDeploymentPostprocessing = 0;
		};
/* End PBXSourcesBuildPhase section */

/* Begin PBXVariantGroup section */
		8238C31116E513A8005AC7B3 /* InfoPlist.strings */ = {
			isa = PBXVariantGroup;
			children = (
				8238C31216E513A8005AC7B3 /* en */,
			);
			name = InfoPlist.strings;
			sourceTree = "<group>";
		};
		8238C32016E513A8005AC7B3 /* MainStoryboard_iPhone.storyboard */ = {
			isa = PBXVariantGroup;
			children = (
				8238C32116E513A8005AC7B3 /* en */,
			);
			name = MainStoryboard_iPhone.storyboard;
			sourceTree = "<group>";
		};
		8238C32316E513A8005AC7B3 /* MainStoryboard_iPad.storyboard */ = {
			isa = PBXVariantGroup;
			children = (
				8238C32416E513A8005AC7B3 /* en */,
			);
			name = MainStoryboard_iPad.storyboard;
			sourceTree = "<group>";
		};
/* End PBXVariantGroup section */

/* Begin XCBuildConfiguration section */
		8238C32916E513A8005AC7B3 /* Debug */ = {
			isa = XCBuildConfiguration;
			buildSettings = {
				ALWAYS_SEARCH_USER_PATHS = NO;
				CLANG_CXX_LANGUAGE_STANDARD = "gnu++0x";
				CLANG_CXX_LIBRARY = "libc++";
				CLANG_ENABLE_OBJC_ARC = YES;
				CLANG_WARN_CONSTANT_CONVERSION = YES;
				CLANG_WARN_EMPTY_BODY = YES;
				CLANG_WARN_ENUM_CONVERSION = YES;
				CLANG_WARN_INT_CONVERSION = YES;
				CLANG_WARN__DUPLICATE_METHOD_MATCH = YES;
				"CODE_SIGN_IDENTITY[sdk=iphoneos*]" = "iPhone Developer";
				COPY_PHASE_STRIP = NO;
				GCC_C_LANGUAGE_STANDARD = gnu99;
				GCC_DYNAMIC_NO_PIC = NO;
				GCC_OPTIMIZATION_LEVEL = 0;
				GCC_PREPROCESSOR_DEFINITIONS = (
					"DEBUG=1",
					"$(inherited)",
				);
				GCC_SYMBOLS_PRIVATE_EXTERN = NO;
				GCC_WARN_ABOUT_RETURN_TYPE = YES;
				GCC_WARN_UNINITIALIZED_AUTOS = YES;
				GCC_WARN_UNUSED_VARIABLE = YES;
				IPHONEOS_DEPLOYMENT_TARGET = 6.1;
				ONLY_ACTIVE_ARCH = YES;
				SDKROOT = iphoneos;
				TARGETED_DEVICE_FAMILY = "1,2";
			};
			name = Debug;
		};
		8238C32A16E513A8005AC7B3 /* Release */ = {
			isa = XCBuildConfiguration;
			buildSettings = {
				ALWAYS_SEARCH_USER_PATHS = NO;
				CLANG_CXX_LANGUAGE_STANDARD = "gnu++0x";
				CLANG_CXX_LIBRARY = "libc++";
				CLANG_ENABLE_OBJC_ARC = YES;
				CLANG_WARN_CONSTANT_CONVERSION = YES;
				CLANG_WARN_EMPTY_BODY = YES;
				CLANG_WARN_ENUM_CONVERSION = YES;
				CLANG_WARN_INT_CONVERSION = YES;
				CLANG_WARN__DUPLICATE_METHOD_MATCH = YES;
				"CODE_SIGN_IDENTITY[sdk=iphoneos*]" = "iPhone Developer";
				COPY_PHASE_STRIP = YES;
				GCC_C_LANGUAGE_STANDARD = gnu99;
				GCC_WARN_ABOUT_RETURN_TYPE = YES;
				GCC_WARN_UNINITIALIZED_AUTOS = YES;
				GCC_WARN_UNUSED_VARIABLE = YES;
				IPHONEOS_DEPLOYMENT_TARGET = 6.1;
				OTHER_CFLAGS = "-DNS_BLOCK_ASSERTIONS=1";
				SDKROOT = iphoneos;
				TARGETED_DEVICE_FAMILY = "1,2";
				VALIDATE_PRODUCT = YES;
			};
			name = Release;
		};
		8238C32C16E513A8005AC7B3 /* Debug */ = {
			isa = XCBuildConfiguration;
			buildSettings = {
				CODE_SIGN_IDENTITY = "iPhone Developer: Jens Andersson (QHVPTVG3LT)";
				GCC_PRECOMPILE_PREFIX_HEADER = YES;
				GCC_PREFIX_HEADER = "Pong/Pong-Prefix.pch";
				INFOPLIST_FILE = "Pong/Pong-Info.plist";
				PRODUCT_NAME = "$(TARGET_NAME)";
				PROVISIONING_PROFILE = "8D124239-51C4-4411-B203-BF28689EA7CD";
				WRAPPER_EXTENSION = app;
			};
			name = Debug;
		};
		8238C32D16E513A8005AC7B3 /* Release */ = {
			isa = XCBuildConfiguration;
			buildSettings = {
				CODE_SIGN_IDENTITY = "iPhone Developer: Jens Andersson (QHVPTVG3LT)";
				GCC_PRECOMPILE_PREFIX_HEADER = YES;
				GCC_PREFIX_HEADER = "Pong/Pong-Prefix.pch";
				INFOPLIST_FILE = "Pong/Pong-Info.plist";
				PRODUCT_NAME = "$(TARGET_NAME)";
				PROVISIONING_PROFILE = "8D124239-51C4-4411-B203-BF28689EA7CD";
				WRAPPER_EXTENSION = app;
			};
			name = Release;
		};
/* End XCBuildConfiguration section */

/* Begin XCConfigurationList section */
		8238C30016E513A8005AC7B3 /* Build configuration list for PBXProject "Pong" */ = {
			isa = XCConfigurationList;
			buildConfigurations = (
				8238C32916E513A8005AC7B3 /* Debug */,
				8238C32A16E513A8005AC7B3 /* Release */,
			);
			defaultConfigurationIsVisible = 0;
			defaultConfigurationName = Release;
		};
		8238C32B16E513A8005AC7B3 /* Build configuration list for PBXNativeTarget "Pong" */ = {
			isa = XCConfigurationList;
			buildConfigurations = (
				8238C32C16E513A8005AC7B3 /* Debug */,
				8238C32D16E513A8005AC7B3 /* Release */,
			);
			defaultConfigurationIsVisible = 0;
			defaultConfigurationName = Release;
		};
/* End XCConfigurationList section */
	};
	rootObject = 8238C2FD16E513A8005AC7B3 /* Project object */;
}
